
Microsoft Visual Studio Solution File, Format Version 12.00
# Visual Studio 15
VisualStudioVersion = 15.0.27130.2020
MinimumVisualStudioVersion = 10.0.40219.1
Project("{FAE04EC0-301F-11D3-BF4B-00C04F79EFBC}") = "Xtreme-TicTacToe", "Xtreme-TicTacToe\Xtreme-TicTacToe.csproj", "{A7C441BE-B226-4328-BD95-56C8111E4325}"
EndProject
Global
	GlobalSection(SolutionConfigurationPlatforms) = preSolution
		Debug|Any CPU = Debug|Any CPU
		Release|Any CPU = Release|Any CPU
	EndGlobalSection
	GlobalSection(ProjectConfigurationPlatforms) = postSolution
		{A7C441BE-B226-4328-BD95-56C8111E4325}.Debug|Any CPU.ActiveCfg = Debug|Any CPU
		{A7C441BE-B226-4328-BD95-56C8111E4325}.Debug|Any CPU.Build.0 = Debug|Any CPU
		{A7C441BE-B226-4328-BD95-56C8111E4325}.Release|Any CPU.ActiveCfg = Release|Any CPU
		{A7C441BE-B226-4328-BD95-56C8111E4325}.Release|Any CPU.Build.0 = Release|Any CPU
	EndGlobalSection
	GlobalSection(SolutionProperties) = preSolution
		HideSolutionNode = FALSE
	EndGlobalSection
	GlobalSection(ExtensibilityGlobals) = postSolution
		SolutionGuid = {A9951648-F772-4D18-8A79-0DBC1DB4D8D1}
	EndGlobalSection
EndGlobal
